
Microsoft Visual Studio Solution File, Format Version 12.00
# Visual Studio Version 17
VisualStudioVersion = 17.11.35312.102
MinimumVisualStudioVersion = 10.0.40219.1
Project("{FAE04EC0-301F-11D3-BF4B-00C04F79EFBC}") = "ELKExample", "ELKExample\ELKExample.csproj", "{7E18A690-9610-4C4C-ABB3-C3620A3EE5D6}"
EndProject
Global
	GlobalSection(SolutionConfigurationPlatforms) = preSolution
		Debug|Any CPU = Debug|Any CPU
		Release|Any CPU = Release|Any CPU
	EndGlobalSection
	GlobalSection(ProjectConfigurationPlatforms) = postSolution
		{7E18A690-9610-4C4C-ABB3-C3620A3EE5D6}.Debug|Any CPU.ActiveCfg = Debug|Any CPU
		{7E18A690-9610-4C4C-ABB3-C3620A3EE5D6}.Debug|Any CPU.Build.0 = Debug|Any CPU
		{7E18A690-9610-4C4C-ABB3-C3620A3EE5D6}.Release|Any CPU.ActiveCfg = Release|Any CPU
		{7E18A690-9610-4C4C-ABB3-C3620A3EE5D6}.Release|Any CPU.Build.0 = Release|Any CPU
	EndGlobalSection
	GlobalSection(SolutionProperties) = preSolution
		HideSolutionNode = FALSE
	EndGlobalSection
	GlobalSection(ExtensibilityGlobals) = postSolution
		SolutionGuid = {51BB0010-5B82-46D6-9150-CC932C6B5D91}
	EndGlobalSection
EndGlobal
